
Microsoft Visual Studio Solution File, Format Version 12.00
# Visual Studio 15
VisualStudioVersion = 15.0.27428.2015
MinimumVisualStudioVersion = 10.0.40219.1
Project("{9A19103F-16F7-4668-BE54-9A1E7A4F7556}") = "01_Stealer", "01_Stealer\01_Stealer.csproj", "{2591D6E1-2A9D-433C-8C2D-AD77932FBB9B}"
EndProject
Project("{9A19103F-16F7-4668-BE54-9A1E7A4F7556}") = "02_HighQualityMistakes", "02_HighQualityMistakes\02_HighQualityMistakes.csproj", "{71F2DAE2-2781-4A98-B39B-E1F93DFB18ED}"
EndProject
Project("{9A19103F-16F7-4668-BE54-9A1E7A4F7556}") = "03_MissionPrivateImpossible", "03_MissionPrivateImpossible\03_MissionPrivateImpossible.csproj", "{B2755A55-5CD6-44A0-B0AD-9620F8695B82}"
EndProject
Project("{FAE04EC0-301F-11D3-BF4B-00C04F79EFBC}") = "04_Collector", "04_Collector\04_Collector.csproj", "{9C8085EE-9D90-42F3-8CB2-366003B0C3D4}"
EndProject
Project("{FAE04EC0-301F-11D3-BF4B-00C04F79EFBC}") = "05_CreateAttribute", "05_CreateAttribute\05_CreateAttribute.csproj", "{C456924A-90B8-4F1D-AAF0-5735E6CC1814}"
EndProject
Project("{FAE04EC0-301F-11D3-BF4B-00C04F79EFBC}") = "06_CodingTracker", "06_CodingTracker\06_CodingTracker.csproj", "{AFA53687-B211-4CBF-AFE5-71FB85B7DD69}"
EndProject
Global
	GlobalSection(SolutionConfigurationPlatforms) = preSolution
		Debug|Any CPU = Debug|Any CPU
		Release|Any CPU = Release|Any CPU
	EndGlobalSection
	GlobalSection(ProjectConfigurationPlatforms) = postSolution
		{2591D6E1-2A9D-433C-8C2D-AD77932FBB9B}.Debug|Any CPU.ActiveCfg = Debug|Any CPU
		{2591D6E1-2A9D-433C-8C2D-AD77932FBB9B}.Debug|Any CPU.Build.0 = Debug|Any CPU
		{2591D6E1-2A9D-433C-8C2D-AD77932FBB9B}.Release|Any CPU.ActiveCfg = Release|Any CPU
		{2591D6E1-2A9D-433C-8C2D-AD77932FBB9B}.Release|Any CPU.Build.0 = Release|Any CPU
		{71F2DAE2-2781-4A98-B39B-E1F93DFB18ED}.Debug|Any CPU.ActiveCfg = Debug|Any CPU
		{71F2DAE2-2781-4A98-B39B-E1F93DFB18ED}.Debug|Any CPU.Build.0 = Debug|Any CPU
		{71F2DAE2-2781-4A98-B39B-E1F93DFB18ED}.Release|Any CPU.ActiveCfg = Release|Any CPU
		{71F2DAE2-2781-4A98-B39B-E1F93DFB18ED}.Release|Any CPU.Build.0 = Release|Any CPU
		{B2755A55-5CD6-44A0-B0AD-9620F8695B82}.Debug|Any CPU.ActiveCfg = Debug|Any CPU
		{B2755A55-5CD6-44A0-B0AD-9620F8695B82}.Debug|Any CPU.Build.0 = Debug|Any CPU
		{B2755A55-5CD6-44A0-B0AD-9620F8695B82}.Release|Any CPU.ActiveCfg = Release|Any CPU
		{B2755A55-5CD6-44A0-B0AD-9620F8695B82}.Release|Any CPU.Build.0 = Release|Any CPU
		{9C8085EE-9D90-42F3-8CB2-366003B0C3D4}.Debug|Any CPU.ActiveCfg = Debug|Any CPU
		{9C8085EE-9D90-42F3-8CB2-366003B0C3D4}.Debug|Any CPU.Build.0 = Debug|Any CPU
		{9C8085EE-9D90-42F3-8CB2-366003B0C3D4}.Release|Any CPU.ActiveCfg = Release|Any CPU
		{9C8085EE-9D90-42F3-8CB2-366003B0C3D4}.Release|Any CPU.Build.0 = Release|Any CPU
		{C456924A-90B8-4F1D-AAF0-5735E6CC1814}.Debug|Any CPU.ActiveCfg = Debug|Any CPU
		{C456924A-90B8-4F1D-AAF0-5735E6CC1814}.Debug|Any CPU.Build.0 = Debug|Any CPU
		{C456924A-90B8-4F1D-AAF0-5735E6CC1814}.Release|Any CPU.ActiveCfg = Release|Any CPU
		{C456924A-90B8-4F1D-AAF0-5735E6CC1814}.Release|Any CPU.Build.0 = Release|Any CPU
		{AFA53687-B211-4CBF-AFE5-71FB85B7DD69}.Debug|Any CPU.ActiveCfg = Debug|Any CPU
		{AFA53687-B211-4CBF-AFE5-71FB85B7DD69}.Debug|Any CPU.Build.0 = Debug|Any CPU
		{AFA53687-B211-4CBF-AFE5-71FB85B7DD69}.Release|Any CPU.ActiveCfg = Release|Any CPU
		{AFA53687-B211-4CBF-AFE5-71FB85B7DD69}.Release|Any CPU.Build.0 = Release|Any CPU
	EndGlobalSection
	GlobalSection(SolutionProperties) = preSolution
		HideSolutionNode = FALSE
	EndGlobalSection
	GlobalSection(ExtensibilityGlobals) = postSolution
		SolutionGuid = {483831FF-2AD5-4DD8-9CC6-CBDDC188341E}
	EndGlobalSection
EndGlobal
