
Microsoft Visual Studio Solution File, Format Version 12.00
# Visual Studio 15
VisualStudioVersion = 15.0.27428.2015
MinimumVisualStudioVersion = 10.0.40219.1
Project("{9A19103F-16F7-4668-BE54-9A1E7A4F7556}") = "P01_EventImplementation", "P01_EventImplementation\P01_EventImplementation.csproj", "{166B6561-5A5A-4222-9B11-B8D2EF9FE111}"
EndProject
Project("{9A19103F-16F7-4668-BE54-9A1E7A4F7556}") = "P02_KingsGambit", "P02_KingsGambit\P02_KingsGambit.csproj", "{1937DF28-8368-49E3-A5DD-3F822648BD7A}"
EndProject
Project("{9A19103F-16F7-4668-BE54-9A1E7A4F7556}") = "P03_DependencyInversion", "P03_DependencyInversion\P03_DependencyInversion.csproj", "{E24F0EB4-CBB6-48DB-BEE7-73C1CA36FDE0}"
EndProject
Project("{9A19103F-16F7-4668-BE54-9A1E7A4F7556}") = "P04_WorkForce", "P04_WorkForce\P04_WorkForce.csproj", "{64FCDCCE-6CAB-4368-A74C-AD7D1356975F}"
EndProject
Project("{FAE04EC0-301F-11D3-BF4B-00C04F79EFBC}") = "P05_KingsGambitExtended", "P05_KingsGambitExtended\P05_KingsGambitExtended.csproj", "{E55ADA50-2DB1-4079-9AB0-B71397CAF932}"
EndProject
Global
	GlobalSection(SolutionConfigurationPlatforms) = preSolution
		Debug|Any CPU = Debug|Any CPU
		Release|Any CPU = Release|Any CPU
	EndGlobalSection
	GlobalSection(ProjectConfigurationPlatforms) = postSolution
		{166B6561-5A5A-4222-9B11-B8D2EF9FE111}.Debug|Any CPU.ActiveCfg = Debug|Any CPU
		{166B6561-5A5A-4222-9B11-B8D2EF9FE111}.Debug|Any CPU.Build.0 = Debug|Any CPU
		{166B6561-5A5A-4222-9B11-B8D2EF9FE111}.Release|Any CPU.ActiveCfg = Release|Any CPU
		{166B6561-5A5A-4222-9B11-B8D2EF9FE111}.Release|Any CPU.Build.0 = Release|Any CPU
		{1937DF28-8368-49E3-A5DD-3F822648BD7A}.Debug|Any CPU.ActiveCfg = Debug|Any CPU
		{1937DF28-8368-49E3-A5DD-3F822648BD7A}.Debug|Any CPU.Build.0 = Debug|Any CPU
		{1937DF28-8368-49E3-A5DD-3F822648BD7A}.Release|Any CPU.ActiveCfg = Release|Any CPU
		{1937DF28-8368-49E3-A5DD-3F822648BD7A}.Release|Any CPU.Build.0 = Release|Any CPU
		{E24F0EB4-CBB6-48DB-BEE7-73C1CA36FDE0}.Debug|Any CPU.ActiveCfg = Debug|Any CPU
		{E24F0EB4-CBB6-48DB-BEE7-73C1CA36FDE0}.Debug|Any CPU.Build.0 = Debug|Any CPU
		{E24F0EB4-CBB6-48DB-BEE7-73C1CA36FDE0}.Release|Any CPU.ActiveCfg = Release|Any CPU
		{E24F0EB4-CBB6-48DB-BEE7-73C1CA36FDE0}.Release|Any CPU.Build.0 = Release|Any CPU
		{64FCDCCE-6CAB-4368-A74C-AD7D1356975F}.Debug|Any CPU.ActiveCfg = Debug|Any CPU
		{64FCDCCE-6CAB-4368-A74C-AD7D1356975F}.Debug|Any CPU.Build.0 = Debug|Any CPU
		{64FCDCCE-6CAB-4368-A74C-AD7D1356975F}.Release|Any CPU.ActiveCfg = Release|Any CPU
		{64FCDCCE-6CAB-4368-A74C-AD7D1356975F}.Release|Any CPU.Build.0 = Release|Any CPU
		{E55ADA50-2DB1-4079-9AB0-B71397CAF932}.Debug|Any CPU.ActiveCfg = Debug|Any CPU
		{E55ADA50-2DB1-4079-9AB0-B71397CAF932}.Debug|Any CPU.Build.0 = Debug|Any CPU
		{E55ADA50-2DB1-4079-9AB0-B71397CAF932}.Release|Any CPU.ActiveCfg = Release|Any CPU
		{E55ADA50-2DB1-4079-9AB0-B71397CAF932}.Release|Any CPU.Build.0 = Release|Any CPU
	EndGlobalSection
	GlobalSection(SolutionProperties) = preSolution
		HideSolutionNode = FALSE
	EndGlobalSection
	GlobalSection(ExtensibilityGlobals) = postSolution
		SolutionGuid = {84141E66-EA4D-4585-A9D1-2B5DC9C4F384}
	EndGlobalSection
EndGlobal
