
Microsoft Visual Studio Solution File, Format Version 12.00
# Visual Studio 15
VisualStudioVersion = 15.0.26430.6
MinimumVisualStudioVersion = 10.0.40219.1
Project("{FAE04EC0-301F-11D3-BF4B-00C04F79EFBC}") = "Last Army", "Last Army\Last Army.csproj", "{FA1AC72F-2CD0-4247-9078-B9BD8C9216CC}"
EndProject
Project("{FAE04EC0-301F-11D3-BF4B-00C04F79EFBC}") = "LastArmy.JudgeTests", "LastArmy.JudgeTests\LastArmy.JudgeTests.csproj", "{FAEC134D-0DBB-49D3-9CA9-47C9BB60A805}"
EndProject
Project("{FAE04EC0-301F-11D3-BF4B-00C04F79EFBC}") = "LastArmy.LocalTests", "LastArmy.LocalTests\LastArmy.LocalTests.csproj", "{519AEF14-4AD2-4B14-B13B-0DA9DC9AEF10}"
EndProject
Global
	GlobalSection(SolutionConfigurationPlatforms) = preSolution
		Debug|Any CPU = Debug|Any CPU
		Release|Any CPU = Release|Any CPU
	EndGlobalSection
	GlobalSection(ProjectConfigurationPlatforms) = postSolution
		{FA1AC72F-2CD0-4247-9078-B9BD8C9216CC}.Debug|Any CPU.ActiveCfg = Debug|Any CPU
		{FA1AC72F-2CD0-4247-9078-B9BD8C9216CC}.Debug|Any CPU.Build.0 = Debug|Any CPU
		{FA1AC72F-2CD0-4247-9078-B9BD8C9216CC}.Release|Any CPU.ActiveCfg = Release|Any CPU
		{FA1AC72F-2CD0-4247-9078-B9BD8C9216CC}.Release|Any CPU.Build.0 = Release|Any CPU
		{FAEC134D-0DBB-49D3-9CA9-47C9BB60A805}.Debug|Any CPU.ActiveCfg = Debug|Any CPU
		{FAEC134D-0DBB-49D3-9CA9-47C9BB60A805}.Debug|Any CPU.Build.0 = Debug|Any CPU
		{FAEC134D-0DBB-49D3-9CA9-47C9BB60A805}.Release|Any CPU.ActiveCfg = Release|Any CPU
		{FAEC134D-0DBB-49D3-9CA9-47C9BB60A805}.Release|Any CPU.Build.0 = Release|Any CPU
		{519AEF14-4AD2-4B14-B13B-0DA9DC9AEF10}.Debug|Any CPU.ActiveCfg = Debug|Any CPU
		{519AEF14-4AD2-4B14-B13B-0DA9DC9AEF10}.Debug|Any CPU.Build.0 = Debug|Any CPU
		{519AEF14-4AD2-4B14-B13B-0DA9DC9AEF10}.Release|Any CPU.ActiveCfg = Release|Any CPU
		{519AEF14-4AD2-4B14-B13B-0DA9DC9AEF10}.Release|Any CPU.Build.0 = Release|Any CPU
	EndGlobalSection
	GlobalSection(SolutionProperties) = preSolution
		HideSolutionNode = FALSE
	EndGlobalSection
	GlobalSection(ExtensibilityGlobals) = postSolution
		SolutionGuid = {CF2EC18A-AD98-4F1E-B302-36D10CEF8A5F}
	EndGlobalSection
EndGlobal
