
Microsoft Visual Studio Solution File, Format Version 12.00
# Visual Studio 15
VisualStudioVersion = 15.0.27428.2015
MinimumVisualStudioVersion = 10.0.40219.1
Project("{9A19103F-16F7-4668-BE54-9A1E7A4F7556}") = "P01_HarvestingFields", "P01_HarvestingFields\P01_HarvestingFields.csproj", "{D5CEFA8D-1C53-4312-9EEE-7C495469C3F2}"
EndProject
Project("{9A19103F-16F7-4668-BE54-9A1E7A4F7556}") = "P02_BlackBoxInteger", "P02_BlackBoxInteger\P02_BlackBoxInteger.csproj", "{714EC727-3B8D-428B-B267-1D99CCC82B87}"
EndProject
Project("{9A19103F-16F7-4668-BE54-9A1E7A4F7556}") = "P03_BarraksWars", "P03_BarraksWars\P03_BarraksWars.csproj", "{7F29CB22-8D06-4F49-A3EC-582F2872151B}"
EndProject
Project("{9A19103F-16F7-4668-BE54-9A1E7A4F7556}") = "P06_TrafficLights", "P06_TrafficLights\P06_TrafficLights.csproj", "{5542230B-D847-4E35-A73F-33F2AA487911}"
EndProject
Project("{FAE04EC0-301F-11D3-BF4B-00C04F79EFBC}") = "P07-P09_InfernoInfinity", "P07_InfernoInfinity\P07-P09_InfernoInfinity.csproj", "{247724AE-2204-46B5-975B-3899C82E7980}"
EndProject
Global
	GlobalSection(SolutionConfigurationPlatforms) = preSolution
		Debug|Any CPU = Debug|Any CPU
		Release|Any CPU = Release|Any CPU
	EndGlobalSection
	GlobalSection(ProjectConfigurationPlatforms) = postSolution
		{D5CEFA8D-1C53-4312-9EEE-7C495469C3F2}.Debug|Any CPU.ActiveCfg = Debug|Any CPU
		{D5CEFA8D-1C53-4312-9EEE-7C495469C3F2}.Debug|Any CPU.Build.0 = Debug|Any CPU
		{D5CEFA8D-1C53-4312-9EEE-7C495469C3F2}.Release|Any CPU.ActiveCfg = Release|Any CPU
		{D5CEFA8D-1C53-4312-9EEE-7C495469C3F2}.Release|Any CPU.Build.0 = Release|Any CPU
		{714EC727-3B8D-428B-B267-1D99CCC82B87}.Debug|Any CPU.ActiveCfg = Debug|Any CPU
		{714EC727-3B8D-428B-B267-1D99CCC82B87}.Debug|Any CPU.Build.0 = Debug|Any CPU
		{714EC727-3B8D-428B-B267-1D99CCC82B87}.Release|Any CPU.ActiveCfg = Release|Any CPU
		{714EC727-3B8D-428B-B267-1D99CCC82B87}.Release|Any CPU.Build.0 = Release|Any CPU
		{7F29CB22-8D06-4F49-A3EC-582F2872151B}.Debug|Any CPU.ActiveCfg = Debug|Any CPU
		{7F29CB22-8D06-4F49-A3EC-582F2872151B}.Debug|Any CPU.Build.0 = Debug|Any CPU
		{7F29CB22-8D06-4F49-A3EC-582F2872151B}.Release|Any CPU.ActiveCfg = Release|Any CPU
		{7F29CB22-8D06-4F49-A3EC-582F2872151B}.Release|Any CPU.Build.0 = Release|Any CPU
		{5542230B-D847-4E35-A73F-33F2AA487911}.Debug|Any CPU.ActiveCfg = Debug|Any CPU
		{5542230B-D847-4E35-A73F-33F2AA487911}.Debug|Any CPU.Build.0 = Debug|Any CPU
		{5542230B-D847-4E35-A73F-33F2AA487911}.Release|Any CPU.ActiveCfg = Release|Any CPU
		{5542230B-D847-4E35-A73F-33F2AA487911}.Release|Any CPU.Build.0 = Release|Any CPU
		{247724AE-2204-46B5-975B-3899C82E7980}.Debug|Any CPU.ActiveCfg = Debug|Any CPU
		{247724AE-2204-46B5-975B-3899C82E7980}.Debug|Any CPU.Build.0 = Debug|Any CPU
		{247724AE-2204-46B5-975B-3899C82E7980}.Release|Any CPU.ActiveCfg = Release|Any CPU
		{247724AE-2204-46B5-975B-3899C82E7980}.Release|Any CPU.Build.0 = Release|Any CPU
	EndGlobalSection
	GlobalSection(SolutionProperties) = preSolution
		HideSolutionNode = FALSE
	EndGlobalSection
	GlobalSection(ExtensibilityGlobals) = postSolution
		SolutionGuid = {735156DB-F672-4BFF-92F7-7774FA91D4E4}
	EndGlobalSection
EndGlobal
