
Microsoft Visual Studio Solution File, Format Version 12.00
# Visual Studio 15
VisualStudioVersion = 15.0.27428.2015
MinimumVisualStudioVersion = 10.0.40219.1
Project("{9A19103F-16F7-4668-BE54-9A1E7A4F7556}") = "BashSoft", "BashSoft\BashSoft.csproj", "{78F46E78-FFAA-48EF-B4CB-40E2D1759526}"
EndProject
Project("{FAE04EC0-301F-11D3-BF4B-00C04F79EFBC}") = "BashSoft_Testing", "BashSoft_Testing\BashSoft_Testing.csproj", "{580BAEA4-9435-4ADC-84D1-531D03F56C1D}"
EndProject
Global
	GlobalSection(SolutionConfigurationPlatforms) = preSolution
		Debug|Any CPU = Debug|Any CPU
		Release|Any CPU = Release|Any CPU
	EndGlobalSection
	GlobalSection(ProjectConfigurationPlatforms) = postSolution
		{78F46E78-FFAA-48EF-B4CB-40E2D1759526}.Debug|Any CPU.ActiveCfg = Debug|Any CPU
		{78F46E78-FFAA-48EF-B4CB-40E2D1759526}.Debug|Any CPU.Build.0 = Debug|Any CPU
		{78F46E78-FFAA-48EF-B4CB-40E2D1759526}.Release|Any CPU.ActiveCfg = Release|Any CPU
		{78F46E78-FFAA-48EF-B4CB-40E2D1759526}.Release|Any CPU.Build.0 = Release|Any CPU
		{580BAEA4-9435-4ADC-84D1-531D03F56C1D}.Debug|Any CPU.ActiveCfg = Debug|Any CPU
		{580BAEA4-9435-4ADC-84D1-531D03F56C1D}.Debug|Any CPU.Build.0 = Debug|Any CPU
		{580BAEA4-9435-4ADC-84D1-531D03F56C1D}.Release|Any CPU.ActiveCfg = Release|Any CPU
		{580BAEA4-9435-4ADC-84D1-531D03F56C1D}.Release|Any CPU.Build.0 = Release|Any CPU
	EndGlobalSection
	GlobalSection(SolutionProperties) = preSolution
		HideSolutionNode = FALSE
	EndGlobalSection
	GlobalSection(ExtensibilityGlobals) = postSolution
		SolutionGuid = {F13B2E8F-E88E-4F56-9C5A-7423990B367A}
	EndGlobalSection
EndGlobal
